// !$*UTF8*$!
{
	archiveVersion = 1;
	classes = {
	};
	objectVersion = 55;
	objects = {

/* Begin PBXBuildFile section */
		8958BBE727B8979900FA986D /* MyParticle.sks in Resources */ = {isa = PBXBuildFile; fileRef = 8958BBE627B8979900FA986D /* MyParticle.sks */; };
		89C3B60C27B4714300EBCC10 /* AppDelegate.swift in Sources */ = {isa = PBXBuildFile; fileRef = 89C3B60B27B4714300EBCC10 /* AppDelegate.swift */; };
		89C3B60E27B4714300EBCC10 /* GameScene.sks in Resources */ = {isa = PBXBuildFile; fileRef = 89C3B60D27B4714300EBCC10 /* GameScene.sks */; };
		89C3B61227B4714300EBCC10 /* GameScene.swift in Sources */ = {isa = PBXBuildFile; fileRef = 89C3B61127B4714300EBCC10 /* GameScene.swift */; };
		89C3B61427B4714300EBCC10 /* GameViewController.swift in Sources */ = {isa = PBXBuildFile; fileRef = 89C3B61327B4714300EBCC10 /* GameViewController.swift */; };
		89C3B61727B4714300EBCC10 /* Main.storyboard in Resources */ = {isa = PBXBuildFile; fileRef = 89C3B61527B4714300EBCC10 /* Main.storyboard */; };
		89C3B61927B4714400EBCC10 /* Assets.xcassets in Resources */ = {isa = PBXBuildFile; fileRef = 89C3B61827B4714400EBCC10 /* Assets.xcassets */; };
		89C3B61C27B4714400EBCC10 /* LaunchScreen.storyboard in Resources */ = {isa = PBXBuildFile; fileRef = 89C3B61A27B4714400EBCC10 /* LaunchScreen.storyboard */; };
/* End PBXBuildFile section */

/* Begin PBXFileReference section */
		8958BBE627B8979900FA986D /* MyParticle.sks */ = {isa = PBXFileReference; lastKnownFileType = file.sks; path = MyParticle.sks; sourceTree = "<group>"; };
		89C3B60827B4714300EBCC10 /* Project 11.app */ = {isa = PBXFileReference; explicitFileType = wrapper.application; includeInIndex = 0; path = "Project 11.app"; sourceTree = BUILT_PRODUCTS_DIR; };
		89C3B60B27B4714300EBCC10 /* AppDelegate.swift */ = {isa = PBXFileReference; lastKnownFileType = sourcecode.swift; path = AppDelegate.swift; sourceTree = "<group>"; };
		89C3B60D27B4714300EBCC10 /* GameScene.sks */ = {isa = PBXFileReference; lastKnownFileType = file.sks; path = GameScene.sks; sourceTree = "<group>"; };
		89C3B61127B4714300EBCC10 /* GameScene.swift */ = {isa = PBXFileReference; lastKnownFileType = sourcecode.swift; path = GameScene.swift; sourceTree = "<group>"; };
		89C3B61327B4714300EBCC10 /* GameViewController.swift */ = {isa = PBXFileReference; lastKnownFileType = sourcecode.swift; path = GameViewController.swift; sourceTree = "<group>"; };
		89C3B61627B4714300EBCC10 /* Base */ = {isa = PBXFileReference; lastKnownFileType = file.storyboard; name = Base; path = Base.lproj/Main.storyboard; sourceTree = "<group>"; };
		89C3B61827B4714400EBCC10 /* Assets.xcassets */ = {isa = PBXFileReference; lastKnownFileType = folder.assetcatalog; path = Assets.xcassets; sourceTree = "<group>"; };
		89C3B61B27B4714400EBCC10 /* Base */ = {isa = PBXFileReference; lastKnownFileType = file.storyboard; name = Base; path = Base.lproj/LaunchScreen.storyboard; sourceTree = "<group>"; };
/* End PBXFileReference section */

/* Begin PBXFrameworksBuildPhase section */
		89C3B60527B4714300EBCC10 /* Frameworks */ = {
			isa = PBXFrameworksBuildPhase;
			buildActionMask = 2147483647;
			files = (
			);
			runOnlyForDeploymentPostprocessing = 0;
		};
/* End PBXFrameworksBuildPhase section */

/* Begin PBXGroup section */
		89C3B5FF27B4714300EBCC10 = {
			isa = PBXGroup;
			children = (
				89C3B60A27B4714300EBCC10 /* Project 11 */,
				89C3B60927B4714300EBCC10 /* Products */,
			);
			sourceTree = "<group>";
		};
		89C3B60927B4714300EBCC10 /* Products */ = {
			isa = PBXGroup;
			children = (
				89C3B60827B4714300EBCC10 /* Project 11.app */,
			);
			name = Products;
			sourceTree = "<group>";
		};
		89C3B60A27B4714300EBCC10 /* Project 11 */ = {
			isa = PBXGroup;
			children = (
				89C3B60B27B4714300EBCC10 /* AppDelegate.swift */,
				89C3B60D27B4714300EBCC10 /* GameScene.sks */,
				89C3B61827B4714400EBCC10 /* Assets.xcassets */,
				89C3B61127B4714300EBCC10 /* GameScene.swift */,
				89C3B61327B4714300EBCC10 /* GameViewController.swift */,
				89C3B61527B4714300EBCC10 /* Main.storyboard */,
				8958BBE627B8979900FA986D /* MyParticle.sks */,
				89C3B61A27B4714400EBCC10 /* LaunchScreen.storyboard */,
			);
			path = "Project 11";
			sourceTree = "<group>";
		};
/* End PBXGroup section */

/* Begin PBXNativeTarget section */
		89C3B60727B4714300EBCC10 /* Project 11 */ = {
			isa = PBXNativeTarget;
			buildConfigurationList = 89C3B61F27B4714400EBCC10 /* Build configuration list for PBXNativeTarget "Project 11" */;
			buildPhases = (
				89C3B60427B4714300EBCC10 /* Sources */,
				89C3B60527B4714300EBCC10 /* Frameworks */,
				89C3B60627B4714300EBCC10 /* Resources */,
			);
			buildRules = (
			);
			dependencies = (
			);
			name = "Project 11";
			productName = "Project 11";
			productReference = 89C3B60827B4714300EBCC10 /* Project 11.app */;
			productType = "com.apple.product-type.application";
		};
/* End PBXNativeTarget section */

/* Begin PBXProject section */
		89C3B60027B4714300EBCC10 /* Project object */ = {
			isa = PBXProject;
			attributes = {
				BuildIndependentTargetsInParallel = 1;
				LastSwiftUpdateCheck = 1320;
				LastUpgradeCheck = 1320;
				TargetAttributes = {
					89C3B60727B4714300EBCC10 = {
						CreatedOnToolsVersion = 13.2.1;
					};
				};
			};
			buildConfigurationList = 89C3B60327B4714300EBCC10 /* Build configuration list for PBXProject "Project 11" */;
			compatibilityVersion = "Xcode 13.0";
			developmentRegion = en;
			hasScannedForEncodings = 0;
			knownRegions = (
				en,
				Base,
			);
			mainGroup = 89C3B5FF27B4714300EBCC10;
			productRefGroup = 89C3B60927B4714300EBCC10 /* Products */;
			projectDirPath = "";
			projectRoot = "";
			targets = (
				89C3B60727B4714300EBCC10 /* Project 11 */,
			);
		};
/* End PBXProject section */

/* Begin PBXResourcesBuildPhase section */
		89C3B60627B4714300EBCC10 /* Resources */ = {
			isa = PBXResourcesBuildPhase;
			buildActionMask = 2147483647;
			files = (
				89C3B61727B4714300EBCC10 /* Main.storyboard in Resources */,
				8958BBE727B8979900FA986D /* MyParticle.sks in Resources */,
				89C3B60E27B4714300EBCC10 /* GameScene.sks in Resources */,
				89C3B61927B4714400EBCC10 /* Assets.xcassets in Resources */,
				89C3B61C27B4714400EBCC10 /* LaunchScreen.storyboard in Resources */,
			);
			runOnlyForDeploymentPostprocessing = 0;
		};
/* End PBXResourcesBuildPhase section */

/* Begin PBXSourcesBuildPhase section */
		89C3B60427B4714300EBCC10 /* Sources */ = {
			isa = PBXSourcesBuildPhase;
			buildActionMask = 2147483647;
			files = (
				89C3B61227B4714300EBCC10 /* GameScene.swift in Sources */,
				89C3B61427B4714300EBCC10 /* GameViewController.swift in Sources */,
				89C3B60C27B4714300EBCC10 /* AppDelegate.swift in Sources */,
			);
			runOnlyForDeploymentPostprocessing = 0;
		};
/* End PBXSourcesBuildPhase section */

/* Begin PBXVariantGroup section */
		89C3B61527B4714300EBCC10 /* Main.storyboard */ = {
			isa = PBXVariantGroup;
			children = (
				89C3B61627B4714300EBCC10 /* Base */,
			);
			name = Main.storyboard;
			sourceTree = "<group>";
		};
		89C3B61A27B4714400EBCC10 /* LaunchScreen.storyboard */ = {
			isa = PBXVariantGroup;
			children = (
				89C3B61B27B4714400EBCC10 /* Base */,
			);
			name = LaunchScreen.storyboard;
			sourceTree = "<group>";
		};
/* End PBXVariantGroup section */

/* Begin XCBuildConfiguration section */
		89C3B61D27B4714400EBCC10 /* Debug */ = {
			isa = XCBuildConfiguration;
			buildSettings = {
				ALWAYS_SEARCH_USER_PATHS = NO;
				CLANG_ANALYZER_NONNULL = YES;
				CLANG_ANALYZER_NUMBER_OBJECT_CONVERSION = YES_AGGRESSIVE;
				CLANG_CXX_LANGUAGE_STANDARD = "gnu++17";
				CLANG_CXX_LIBRARY = "libc++";
				CLANG_ENABLE_MODULES = YES;
				CLANG_ENABLE_OBJC_ARC = YES;
				CLANG_ENABLE_OBJC_WEAK = YES;
				CLANG_WARN_BLOCK_CAPTURE_AUTORELEASING = YES;
				CLANG_WARN_BOOL_CONVERSION = YES;
				CLANG_WARN_COMMA = YES;
				CLANG_WARN_CONSTANT_CONVERSION = YES;
				CLANG_WARN_DEPRECATED_OBJC_IMPLEMENTATIONS = YES;
				CLANG_WARN_DIRECT_OBJC_ISA_USAGE = YES_ERROR;
				CLANG_WARN_DOCUMENTATION_COMMENTS = YES;
				CLANG_WARN_EMPTY_BODY = YES;
				CLANG_WARN_ENUM_CONVERSION = YES;
				CLANG_WARN_INFINITE_RECURSION = YES;
				CLANG_WARN_INT_CONVERSION = YES;
				CLANG_WARN_NON_LITERAL_NULL_CONVERSION = YES;
				CLANG_WARN_OBJC_IMPLICIT_RETAIN_SELF = YES;
				CLANG_WARN_OBJC_LITERAL_CONVERSION = YES;
				CLANG_WARN_OBJC_ROOT_CLASS = YES_ERROR;
				CLANG_WARN_QUOTED_INCLUDE_IN_FRAMEWORK_HEADER = YES;
				CLANG_WARN_RANGE_LOOP_ANALYSIS = YES;
				CLANG_WARN_STRICT_PROTOTYPES = YES;
				CLANG_WARN_SUSPICIOUS_MOVE = YES;
				CLANG_WARN_UNGUARDED_AVAILABILITY = YES_AGGRESSIVE;
				CLANG_WARN_UNREACHABLE_CODE = YES;
				CLANG_WARN__DUPLICATE_METHOD_MATCH = YES;
				COPY_PHASE_STRIP = NO;
				DEBUG_INFORMATION_FORMAT = dwarf;
				ENABLE_STRICT_OBJC_MSGSEND = YES;
				ENABLE_TESTABILITY = YES;
				GCC_C_LANGUAGE_STANDARD = gnu11;
				GCC_DYNAMIC_NO_PIC = NO;
				GCC_NO_COMMON_BLOCKS = YES;
				GCC_OPTIMIZATION_LEVEL = 0;
				GCC_PREPROCESSOR_DEFINITIONS = (
					"DEBUG=1",
					"$(inherited)",
				);
				GCC_WARN_64_TO_32_BIT_CONVERSION = YES;
				GCC_WARN_ABOUT_RETURN_TYPE = YES_ERROR;
				GCC_WARN_UNDECLARED_SELECTOR = YES;
				GCC_WARN_UNINITIALIZED_AUTOS = YES_AGGRESSIVE;
				GCC_WARN_UNUSED_FUNCTION = YES;
				GCC_WARN_UNUSED_VARIABLE = YES;
				IPHONEOS_DEPLOYMENT_TARGET = 15.2;
				MTL_ENABLE_DEBUG_INFO = INCLUDE_SOURCE;
				MTL_FAST_MATH = YES;
				ONLY_ACTIVE_ARCH = YES;
				SDKROOT = iphoneos;
				SWIFT_ACTIVE_COMPILATION_CONDITIONS = DEBUG;
				SWIFT_OPTIMIZATION_LEVEL = "-Onone";
			};
			name = Debug;
		};
		89C3B61E27B4714400EBCC10 /* Release */ = {
			isa = XCBuildConfiguration;
			buildSettings = {
				ALWAYS_SEARCH_USER_PATHS = NO;
				CLANG_ANALYZER_NONNULL = YES;
				CLANG_ANALYZER_NUMBER_OBJECT_CONVERSION = YES_AGGRESSIVE;
				CLANG_CXX_LANGUAGE_STANDARD = "gnu++17";
				CLANG_CXX_LIBRARY = "libc++";
				CLANG_ENABLE_MODULES = YES;
				CLANG_ENABLE_OBJC_ARC = YES;
				CLANG_ENABLE_OBJC_WEAK = YES;
				CLANG_WARN_BLOCK_CAPTURE_AUTORELEASING = YES;
				CLANG_WARN_BOOL_CONVERSION = YES;
				CLANG_WARN_COMMA = YES;
				CLANG_WARN_CONSTANT_CONVERSION = YES;
				CLANG_WARN_DEPRECATED_OBJC_IMPLEMENTATIONS = YES;
				CLANG_WARN_DIRECT_OBJC_ISA_USAGE = YES_ERROR;
				CLANG_WARN_DOCUMENTATION_COMMENTS = YES;
				CLANG_WARN_EMPTY_BODY = YES;
				CLANG_WARN_ENUM_CONVERSION = YES;
				CLANG_WARN_INFINITE_RECURSION = YES;
				CLANG_WARN_INT_CONVERSION = YES;
				CLANG_WARN_NON_LITERAL_NULL_CONVERSION = YES;
				CLANG_WARN_OBJC_IMPLICIT_RETAIN_SELF = YES;
				CLANG_WARN_OBJC_LITERAL_CONVERSION = YES;
				CLANG_WARN_OBJC_ROOT_CLASS = YES_ERROR;
				CLANG_WARN_QUOTED_INCLUDE_IN_FRAMEWORK_HEADER = YES;
				CLANG_WARN_RANGE_LOOP_ANALYSIS = YES;
				CLANG_WARN_STRICT_PROTOTYPES = YES;
				CLANG_WARN_SUSPICIOUS_MOVE = YES;
				CLANG_WARN_UNGUARDED_AVAILABILITY = YES_AGGRESSIVE;
				CLANG_WARN_UNREACHABLE_CODE = YES;
				CLANG_WARN__DUPLICATE_METHOD_MATCH = YES;
				COPY_PHASE_STRIP = NO;
				DEBUG_INFORMATION_FORMAT = "dwarf-with-dsym";
				ENABLE_NS_ASSERTIONS = NO;
				ENABLE_STRICT_OBJC_MSGSEND = YES;
				GCC_C_LANGUAGE_STANDARD = gnu11;
				GCC_NO_COMMON_BLOCKS = YES;
				GCC_WARN_64_TO_32_BIT_CONVERSION = YES;
				GCC_WARN_ABOUT_RETURN_TYPE = YES_ERROR;
				GCC_WARN_UNDECLARED_SELECTOR = YES;
				GCC_WARN_UNINITIALIZED_AUTOS = YES_AGGRESSIVE;
				GCC_WARN_UNUSED_FUNCTION = YES;
				GCC_WARN_UNUSED_VARIABLE = YES;
				IPHONEOS_DEPLOYMENT_TARGET = 15.2;
				MTL_ENABLE_DEBUG_INFO = NO;
				MTL_FAST_MATH = YES;
				SDKROOT = iphoneos;
				SWIFT_COMPILATION_MODE = wholemodule;
				SWIFT_OPTIMIZATION_LEVEL = "-O";
				VALIDATE_PRODUCT = YES;
			};
			name = Release;
		};
		89C3B62027B4714400EBCC10 /* Debug */ = {
			isa = XCBuildConfiguration;
			buildSettings = {
				ASSETCATALOG_COMPILER_APPICON_NAME = AppIcon;
				ASSETCATALOG_COMPILER_GLOBAL_ACCENT_COLOR_NAME = AccentColor;
				CODE_SIGN_STYLE = Automatic;
				CURRENT_PROJECT_VERSION = 1;
				DEVELOPMENT_TEAM = GA48AS43F9;
				GENERATE_INFOPLIST_FILE = YES;
				INFOPLIST_KEY_UIApplicationSupportsIndirectInputEvents = YES;
				INFOPLIST_KEY_UILaunchStoryboardName = LaunchScreen;
				INFOPLIST_KEY_UIMainStoryboardFile = Main;
				INFOPLIST_KEY_UIStatusBarHidden = YES;
				INFOPLIST_KEY_UISupportedInterfaceOrientations_iPad = "UIInterfaceOrientationLandscapeLeft UIInterfaceOrientationLandscapeRight";
				INFOPLIST_KEY_UISupportedInterfaceOrientations_iPhone = "UIInterfaceOrientationPortrait UIInterfaceOrientationLandscapeLeft UIInterfaceOrientationLandscapeRight";
				LD_RUNPATH_SEARCH_PATHS = (
					"$(inherited)",
					"@executable_path/Frameworks",
				);
				MARKETING_VERSION = 1.0;
				PRODUCT_BUNDLE_IDENTIFIER = "com.ahmetonursahin.Project-11";
				PRODUCT_NAME = "$(TARGET_NAME)";
				SWIFT_EMIT_LOC_STRINGS = YES;
				SWIFT_VERSION = 5.0;
				TARGETED_DEVICE_FAMILY = 2;
			};
			name = Debug;
		};
		89C3B62127B4714400EBCC10 /* Release */ = {
			isa = XCBuildConfiguration;
			buildSettings = {
				ASSETCATALOG_COMPILER_APPICON_NAME = AppIcon;
				ASSETCATALOG_COMPILER_GLOBAL_ACCENT_COLOR_NAME = AccentColor;
				CODE_SIGN_STYLE = Automatic;
				CURRENT_PROJECT_VERSION = 1;
				DEVELOPMENT_TEAM = GA48AS43F9;
				GENERATE_INFOPLIST_FILE = YES;
				INFOPLIST_KEY_UIApplicationSupportsIndirectInputEvents = YES;
				INFOPLIST_KEY_UILaunchStoryboardName = LaunchScreen;
				INFOPLIST_KEY_UIMainStoryboardFile = Main;
				INFOPLIST_KEY_UIStatusBarHidden = YES;
				INFOPLIST_KEY_UISupportedInterfaceOrientations_iPad = "UIInterfaceOrientationLandscapeLeft UIInterfaceOrientationLandscapeRight";
				INFOPLIST_KEY_UISupportedInterfaceOrientations_iPhone = "UIInterfaceOrientationPortrait UIInterfaceOrientationLandscapeLeft UIInterfaceOrientationLandscapeRight";
				LD_RUNPATH_SEARCH_PATHS = (
					"$(inherited)",
					"@executable_path/Frameworks",
				);
				MARKETING_VERSION = 1.0;
				PRODUCT_BUNDLE_IDENTIFIER = "com.ahmetonursahin.Project-11";
				PRODUCT_NAME = "$(TARGET_NAME)";
				SWIFT_EMIT_LOC_STRINGS = YES;
				SWIFT_VERSION = 5.0;
				TARGETED_DEVICE_FAMILY = 2;
			};
			name = Release;
		};
/* End XCBuildConfiguration section */

/* Begin XCConfigurationList section */
		89C3B60327B4714300EBCC10 /* Build configuration list for PBXProject "Project 11" */ = {
			isa = XCConfigurationList;
			buildConfigurations = (
				89C3B61D27B4714400EBCC10 /* Debug */,
				89C3B61E27B4714400EBCC10 /* Release */,
			);
			defaultConfigurationIsVisible = 0;
			defaultConfigurationName = Release;
		};
		89C3B61F27B4714400EBCC10 /* Build configuration list for PBXNativeTarget "Project 11" */ = {
			isa = XCConfigurationList;
			buildConfigurations = (
				89C3B62027B4714400EBCC10 /* Debug */,
				89C3B62127B4714400EBCC10 /* Release */,
			);
			defaultConfigurationIsVisible = 0;
			defaultConfigurationName = Release;
		};
/* End XCConfigurationList section */
	};
	rootObject = 89C3B60027B4714300EBCC10 /* Project object */;
}
